// !$*UTF8*$!
{
	archiveVersion = 1;
	classes = {
	};
	objectVersion = 56;
	objects = {

/* Begin PBXBuildFile section */
		C8A5565E28E19CEC0029FE17 /* LocationModel.swift in Sources */ = {isa = PBXBuildFile; fileRef = C8A5565D28E19CEC0029FE17 /* LocationModel.swift */; };
		C8A5566328E19FD80029FE17 /* MapView.swift in Sources */ = {isa = PBXBuildFile; fileRef = C8A5566228E19FD80029FE17 /* MapView.swift */; };
		C8A5566728E1A40D0029FE17 /* ListView.swift in Sources */ = {isa = PBXBuildFile; fileRef = C8A5566628E1A40D0029FE17 /* ListView.swift */; };
		C8A5566928E1A4510029FE17 /* LocationDetailsView.swift in Sources */ = {isa = PBXBuildFile; fileRef = C8A5566828E1A4510029FE17 /* LocationDetailsView.swift */; };
		C8A5566B28E1A4780029FE17 /* LocationRowView.swift in Sources */ = {isa = PBXBuildFile; fileRef = C8A5566A28E1A4780029FE17 /* LocationRowView.swift */; };
		C8C0F11C28E190C300BD289D /* MapperApp.swift in Sources */ = {isa = PBXBuildFile; fileRef = C8C0F11B28E190C300BD289D /* MapperApp.swift */; };
		C8C0F11E28E190C300BD289D /* ContentView.swift in Sources */ = {isa = PBXBuildFile; fileRef = C8C0F11D28E190C300BD289D /* ContentView.swift */; };
		C8C0F12028E190C400BD289D /* Assets.xcassets in Resources */ = {isa = PBXBuildFile; fileRef = C8C0F11F28E190C400BD289D /* Assets.xcassets */; };
		C8C0F12428E190C400BD289D /* Preview Assets.xcassets in Resources */ = {isa = PBXBuildFile; fileRef = C8C0F12328E190C400BD289D /* Preview Assets.xcassets */; };
		C8C0F13028E1949900BD289D /* JSONDecoder.swift in Sources */ = {isa = PBXBuildFile; fileRef = C8C0F12F28E1949900BD289D /* JSONDecoder.swift */; };
		C8C0F13628E196E600BD289D /* locations.json in Resources */ = {isa = PBXBuildFile; fileRef = C8C0F13528E196E600BD289D /* locations.json */; };
/* End PBXBuildFile section */

/* Begin PBXFileReference section */
		C8A5565D28E19CEC0029FE17 /* LocationModel.swift */ = {isa = PBXFileReference; lastKnownFileType = sourcecode.swift; path = LocationModel.swift; sourceTree = "<group>"; };
		C8A5566228E19FD80029FE17 /* MapView.swift */ = {isa = PBXFileReference; lastKnownFileType = sourcecode.swift; path = MapView.swift; sourceTree = "<group>"; };
		C8A5566628E1A40D0029FE17 /* ListView.swift */ = {isa = PBXFileReference; lastKnownFileType = sourcecode.swift; path = ListView.swift; sourceTree = "<group>"; };
		C8A5566828E1A4510029FE17 /* LocationDetailsView.swift */ = {isa = PBXFileReference; lastKnownFileType = sourcecode.swift; path = LocationDetailsView.swift; sourceTree = "<group>"; };
		C8A5566A28E1A4780029FE17 /* LocationRowView.swift */ = {isa = PBXFileReference; lastKnownFileType = sourcecode.swift; path = LocationRowView.swift; sourceTree = "<group>"; };
		C8C0F11828E190C300BD289D /* Mapper.app */ = {isa = PBXFileReference; explicitFileType = wrapper.application; includeInIndex = 0; path = Mapper.app; sourceTree = BUILT_PRODUCTS_DIR; };
		C8C0F11B28E190C300BD289D /* MapperApp.swift */ = {isa = PBXFileReference; lastKnownFileType = sourcecode.swift; path = MapperApp.swift; sourceTree = "<group>"; };
		C8C0F11D28E190C300BD289D /* ContentView.swift */ = {isa = PBXFileReference; lastKnownFileType = sourcecode.swift; path = ContentView.swift; sourceTree = "<group>"; };
		C8C0F11F28E190C400BD289D /* Assets.xcassets */ = {isa = PBXFileReference; lastKnownFileType = folder.assetcatalog; path = Assets.xcassets; sourceTree = "<group>"; };
		C8C0F12128E190C400BD289D /* Mapper.entitlements */ = {isa = PBXFileReference; lastKnownFileType = text.plist.entitlements; path = Mapper.entitlements; sourceTree = "<group>"; };
		C8C0F12328E190C400BD289D /* Preview Assets.xcassets */ = {isa = PBXFileReference; lastKnownFileType = folder.assetcatalog; path = "Preview Assets.xcassets"; sourceTree = "<group>"; };
		C8C0F12F28E1949900BD289D /* JSONDecoder.swift */ = {isa = PBXFileReference; lastKnownFileType = sourcecode.swift; path = JSONDecoder.swift; sourceTree = "<group>"; };
		C8C0F13528E196E600BD289D /* locations.json */ = {isa = PBXFileReference; lastKnownFileType = text.json; path = locations.json; sourceTree = "<group>"; };
/* End PBXFileReference section */

/* Begin PBXFrameworksBuildPhase section */
		C8C0F11528E190C300BD289D /* Frameworks */ = {
			isa = PBXFrameworksBuildPhase;
			buildActionMask = 2147483647;
			files = (
			);
			runOnlyForDeploymentPostprocessing = 0;
		};
/* End PBXFrameworksBuildPhase section */

/* Begin PBXGroup section */
		C8A5566128E19F410029FE17 /* View */ = {
			isa = PBXGroup;
			children = (
				C8A5566228E19FD80029FE17 /* MapView.swift */,
				C8A5566628E1A40D0029FE17 /* ListView.swift */,
				C8A5566A28E1A4780029FE17 /* LocationRowView.swift */,
				C8A5566828E1A4510029FE17 /* LocationDetailsView.swift */,
			);
			path = View;
			sourceTree = "<group>";
		};
		C8C0F10F28E190C300BD289D = {
			isa = PBXGroup;
			children = (
				C8C0F11A28E190C300BD289D /* Mapper */,
				C8C0F11928E190C300BD289D /* Products */,
			);
			sourceTree = "<group>";
		};
		C8C0F11928E190C300BD289D /* Products */ = {
			isa = PBXGroup;
			children = (
				C8C0F11828E190C300BD289D /* Mapper.app */,
			);
			name = Products;
			sourceTree = "<group>";
		};
		C8C0F11A28E190C300BD289D /* Mapper */ = {
			isa = PBXGroup;
			children = (
				C8C0F11B28E190C300BD289D /* MapperApp.swift */,
				C8C0F11D28E190C300BD289D /* ContentView.swift */,
				C8A5566128E19F410029FE17 /* View */,
				C8C0F12A28E192CC00BD289D /* Model */,
				C8C0F11F28E190C400BD289D /* Assets.xcassets */,
				C8C0F12128E190C400BD289D /* Mapper.entitlements */,
				C8C0F12228E190C400BD289D /* Preview Content */,
			);
			path = Mapper;
			sourceTree = "<group>";
		};
		C8C0F12228E190C400BD289D /* Preview Content */ = {
			isa = PBXGroup;
			children = (
				C8C0F12328E190C400BD289D /* Preview Assets.xcassets */,
			);
			path = "Preview Content";
			sourceTree = "<group>";
		};
		C8C0F12A28E192CC00BD289D /* Model */ = {
			isa = PBXGroup;
			children = (
				C8C0F13528E196E600BD289D /* locations.json */,
				C8C0F12F28E1949900BD289D /* JSONDecoder.swift */,
				C8A5565D28E19CEC0029FE17 /* LocationModel.swift */,
			);
			path = Model;
			sourceTree = "<group>";
		};
/* End PBXGroup section */

/* Begin PBXNativeTarget section */
		C8C0F11728E190C300BD289D /* Mapper */ = {
			isa = PBXNativeTarget;
			buildConfigurationList = C8C0F12728E190C400BD289D /* Build configuration list for PBXNativeTarget "Mapper" */;
			buildPhases = (
				C8C0F11428E190C300BD289D /* Sources */,
				C8C0F11528E190C300BD289D /* Frameworks */,
				C8C0F11628E190C300BD289D /* Resources */,
			);
			buildRules = (
			);
			dependencies = (
			);
			name = Mapper;
			productName = Mapper;
			productReference = C8C0F11828E190C300BD289D /* Mapper.app */;
			productType = "com.apple.product-type.application";
		};
/* End PBXNativeTarget section */

/* Begin PBXProject section */
		C8C0F11028E190C300BD289D /* Project object */ = {
			isa = PBXProject;
			attributes = {
				BuildIndependentTargetsInParallel = 1;
				LastSwiftUpdateCheck = 1400;
				LastUpgradeCheck = 1400;
				TargetAttributes = {
					C8C0F11728E190C300BD289D = {
						CreatedOnToolsVersion = 14.0;
					};
				};
			};
			buildConfigurationList = C8C0F11328E190C300BD289D /* Build configuration list for PBXProject "Mapper" */;
			compatibilityVersion = "Xcode 14.0";
			developmentRegion = en;
			hasScannedForEncodings = 0;
			knownRegions = (
				en,
				Base,
			);
			mainGroup = C8C0F10F28E190C300BD289D;
			productRefGroup = C8C0F11928E190C300BD289D /* Products */;
			projectDirPath = "";
			projectRoot = "";
			targets = (
				C8C0F11728E190C300BD289D /* Mapper */,
			);
		};
/* End PBXProject section */

/* Begin PBXResourcesBuildPhase section */
		C8C0F11628E190C300BD289D /* Resources */ = {
			isa = PBXResourcesBuildPhase;
			buildActionMask = 2147483647;
			files = (
				C8C0F12428E190C400BD289D /* Preview Assets.xcassets in Resources */,
				C8C0F13628E196E600BD289D /* locations.json in Resources */,
				C8C0F12028E190C400BD289D /* Assets.xcassets in Resources */,
			);
			runOnlyForDeploymentPostprocessing = 0;
		};
/* End PBXResourcesBuildPhase section */

/* Begin PBXSourcesBuildPhase section */
		C8C0F11428E190C300BD289D /* Sources */ = {
			isa = PBXSourcesBuildPhase;
			buildActionMask = 2147483647;
			files = (
				C8C0F13028E1949900BD289D /* JSONDecoder.swift in Sources */,
				C8C0F11E28E190C300BD289D /* ContentView.swift in Sources */,
				C8A5566728E1A40D0029FE17 /* ListView.swift in Sources */,
				C8A5566328E19FD80029FE17 /* MapView.swift in Sources */,
				C8A5566B28E1A4780029FE17 /* LocationRowView.swift in Sources */,
				C8A5566928E1A4510029FE17 /* LocationDetailsView.swift in Sources */,
				C8C0F11C28E190C300BD289D /* MapperApp.swift in Sources */,
				C8A5565E28E19CEC0029FE17 /* LocationModel.swift in Sources */,
			);
			runOnlyForDeploymentPostprocessing = 0;
		};
/* End PBXSourcesBuildPhase section */

/* Begin XCBuildConfiguration section */
		C8C0F12528E190C400BD289D /* Debug */ = {
			isa = XCBuildConfiguration;
			buildSettings = {
				ALWAYS_SEARCH_USER_PATHS = NO;
				CLANG_ANALYZER_NONNULL = YES;
				CLANG_ANALYZER_NUMBER_OBJECT_CONVERSION = YES_AGGRESSIVE;
				CLANG_CXX_LANGUAGE_STANDARD = "gnu++20";
				CLANG_ENABLE_MODULES = YES;
				CLANG_ENABLE_OBJC_ARC = YES;
				CLANG_ENABLE_OBJC_WEAK = YES;
				CLANG_WARN_BLOCK_CAPTURE_AUTORELEASING = YES;
				CLANG_WARN_BOOL_CONVERSION = YES;
				CLANG_WARN_COMMA = YES;
				CLANG_WARN_CONSTANT_CONVERSION = YES;
				CLANG_WARN_DEPRECATED_OBJC_IMPLEMENTATIONS = YES;
				CLANG_WARN_DIRECT_OBJC_ISA_USAGE = YES_ERROR;
				CLANG_WARN_DOCUMENTATION_COMMENTS = YES;
				CLANG_WARN_EMPTY_BODY = YES;
				CLANG_WARN_ENUM_CONVERSION = YES;
				CLANG_WARN_INFINITE_RECURSION = YES;
				CLANG_WARN_INT_CONVERSION = YES;
				CLANG_WARN_NON_LITERAL_NULL_CONVERSION = YES;
				CLANG_WARN_OBJC_IMPLICIT_RETAIN_SELF = YES;
				CLANG_WARN_OBJC_LITERAL_CONVERSION = YES;
				CLANG_WARN_OBJC_ROOT_CLASS = YES_ERROR;
				CLANG_WARN_QUOTED_INCLUDE_IN_FRAMEWORK_HEADER = YES;
				CLANG_WARN_RANGE_LOOP_ANALYSIS = YES;
				CLANG_WARN_STRICT_PROTOTYPES = YES;
				CLANG_WARN_SUSPICIOUS_MOVE = YES;
				CLANG_WARN_UNGUARDED_AVAILABILITY = YES_AGGRESSIVE;
				CLANG_WARN_UNREACHABLE_CODE = YES;
				CLANG_WARN__DUPLICATE_METHOD_MATCH = YES;
				COPY_PHASE_STRIP = NO;
				DEBUG_INFORMATION_FORMAT = dwarf;
				ENABLE_STRICT_OBJC_MSGSEND = YES;
				ENABLE_TESTABILITY = YES;
				GCC_C_LANGUAGE_STANDARD = gnu11;
				GCC_DYNAMIC_NO_PIC = NO;
				GCC_NO_COMMON_BLOCKS = YES;
				GCC_OPTIMIZATION_LEVEL = 0;
				GCC_PREPROCESSOR_DEFINITIONS = (
					"DEBUG=1",
					"$(inherited)",
				);
				GCC_WARN_64_TO_32_BIT_CONVERSION = YES;
				GCC_WARN_ABOUT_RETURN_TYPE = YES_ERROR;
				GCC_WARN_UNDECLARED_SELECTOR = YES;
				GCC_WARN_UNINITIALIZED_AUTOS = YES_AGGRESSIVE;
				GCC_WARN_UNUSED_FUNCTION = YES;
				GCC_WARN_UNUSED_VARIABLE = YES;
				MTL_ENABLE_DEBUG_INFO = INCLUDE_SOURCE;
				MTL_FAST_MATH = YES;
				ONLY_ACTIVE_ARCH = YES;
				SWIFT_ACTIVE_COMPILATION_CONDITIONS = DEBUG;
				SWIFT_OPTIMIZATION_LEVEL = "-Onone";
			};
			name = Debug;
		};
		C8C0F12628E190C400BD289D /* Release */ = {
			isa = XCBuildConfiguration;
			buildSettings = {
				ALWAYS_SEARCH_USER_PATHS = NO;
				CLANG_ANALYZER_NONNULL = YES;
				CLANG_ANALYZER_NUMBER_OBJECT_CONVERSION = YES_AGGRESSIVE;
				CLANG_CXX_LANGUAGE_STANDARD = "gnu++20";
				CLANG_ENABLE_MODULES = YES;
				CLANG_ENABLE_OBJC_ARC = YES;
				CLANG_ENABLE_OBJC_WEAK = YES;
				CLANG_WARN_BLOCK_CAPTURE_AUTORELEASING = YES;
				CLANG_WARN_BOOL_CONVERSION = YES;
				CLANG_WARN_COMMA = YES;
				CLANG_WARN_CONSTANT_CONVERSION = YES;
				CLANG_WARN_DEPRECATED_OBJC_IMPLEMENTATIONS = YES;
				CLANG_WARN_DIRECT_OBJC_ISA_USAGE = YES_ERROR;
				CLANG_WARN_DOCUMENTATION_COMMENTS = YES;
				CLANG_WARN_EMPTY_BODY = YES;
				CLANG_WARN_ENUM_CONVERSION = YES;
				CLANG_WARN_INFINITE_RECURSION = YES;
				CLANG_WARN_INT_CONVERSION = YES;
				CLANG_WARN_NON_LITERAL_NULL_CONVERSION = YES;
				CLANG_WARN_OBJC_IMPLICIT_RETAIN_SELF = YES;
				CLANG_WARN_OBJC_LITERAL_CONVERSION = YES;
				CLANG_WARN_OBJC_ROOT_CLASS = YES_ERROR;
				CLANG_WARN_QUOTED_INCLUDE_IN_FRAMEWORK_HEADER = YES;
				CLANG_WARN_RANGE_LOOP_ANALYSIS = YES;
				CLANG_WARN_STRICT_PROTOTYPES = YES;
				CLANG_WARN_SUSPICIOUS_MOVE = YES;
				CLANG_WARN_UNGUARDED_AVAILABILITY = YES_AGGRESSIVE;
				CLANG_WARN_UNREACHABLE_CODE = YES;
				CLANG_WARN__DUPLICATE_METHOD_MATCH = YES;
				COPY_PHASE_STRIP = NO;
				DEBUG_INFORMATION_FORMAT = "dwarf-with-dsym";
				ENABLE_NS_ASSERTIONS = NO;
				ENABLE_STRICT_OBJC_MSGSEND = YES;
				GCC_C_LANGUAGE_STANDARD = gnu11;
				GCC_NO_COMMON_BLOCKS = YES;
				GCC_WARN_64_TO_32_BIT_CONVERSION = YES;
				GCC_WARN_ABOUT_RETURN_TYPE = YES_ERROR;
				GCC_WARN_UNDECLARED_SELECTOR = YES;
				GCC_WARN_UNINITIALIZED_AUTOS = YES_AGGRESSIVE;
				GCC_WARN_UNUSED_FUNCTION = YES;
				GCC_WARN_UNUSED_VARIABLE = YES;
				MTL_ENABLE_DEBUG_INFO = NO;
				MTL_FAST_MATH = YES;
				SWIFT_COMPILATION_MODE = wholemodule;
				SWIFT_OPTIMIZATION_LEVEL = "-O";
			};
			name = Release;
		};
		C8C0F12828E190C400BD289D /* Debug */ = {
			isa = XCBuildConfiguration;
			buildSettings = {
				ASSETCATALOG_COMPILER_APPICON_NAME = AppIcon;
				ASSETCATALOG_COMPILER_GLOBAL_ACCENT_COLOR_NAME = AccentColor;
				CODE_SIGN_ENTITLEMENTS = Mapper/Mapper.entitlements;
				CODE_SIGN_STYLE = Automatic;
				CURRENT_PROJECT_VERSION = 1;
				DEVELOPMENT_ASSET_PATHS = "\"Mapper/Preview Content\"";
				DEVELOPMENT_TEAM = CC445LJFJY;
				ENABLE_HARDENED_RUNTIME = YES;
				ENABLE_PREVIEWS = YES;
				GENERATE_INFOPLIST_FILE = YES;
				"INFOPLIST_KEY_UIApplicationSceneManifest_Generation[sdk=iphoneos*]" = YES;
				"INFOPLIST_KEY_UIApplicationSceneManifest_Generation[sdk=iphonesimulator*]" = YES;
				"INFOPLIST_KEY_UIApplicationSupportsIndirectInputEvents[sdk=iphoneos*]" = YES;
				"INFOPLIST_KEY_UIApplicationSupportsIndirectInputEvents[sdk=iphonesimulator*]" = YES;
				"INFOPLIST_KEY_UILaunchScreen_Generation[sdk=iphoneos*]" = YES;
				"INFOPLIST_KEY_UILaunchScreen_Generation[sdk=iphonesimulator*]" = YES;
				"INFOPLIST_KEY_UIStatusBarStyle[sdk=iphoneos*]" = UIStatusBarStyleDefault;
				"INFOPLIST_KEY_UIStatusBarStyle[sdk=iphonesimulator*]" = UIStatusBarStyleDefault;
				INFOPLIST_KEY_UISupportedInterfaceOrientations_iPad = "UIInterfaceOrientationPortrait UIInterfaceOrientationPortraitUpsideDown UIInterfaceOrientationLandscapeLeft UIInterfaceOrientationLandscapeRight";
				INFOPLIST_KEY_UISupportedInterfaceOrientations_iPhone = "UIInterfaceOrientationPortrait UIInterfaceOrientationLandscapeLeft UIInterfaceOrientationLandscapeRight";
				IPHONEOS_DEPLOYMENT_TARGET = 16.0;
				LD_RUNPATH_SEARCH_PATHS = "@executable_path/Frameworks";
				"LD_RUNPATH_SEARCH_PATHS[sdk=macosx*]" = "@executable_path/../Frameworks";
				MACOSX_DEPLOYMENT_TARGET = 12.3;
				MARKETING_VERSION = 1.0;
				PRODUCT_BUNDLE_IDENTIFIER = z.Mapper;
				PRODUCT_NAME = "$(TARGET_NAME)";
				SDKROOT = auto;
				SUPPORTED_PLATFORMS = "iphoneos iphonesimulator macosx";
				SWIFT_EMIT_LOC_STRINGS = YES;
				SWIFT_VERSION = 5.0;
				TARGETED_DEVICE_FAMILY = "1,2";
			};
			name = Debug;
		};
		C8C0F12928E190C400BD289D /* Release */ = {
			isa = XCBuildConfiguration;
			buildSettings = {
				ASSETCATALOG_COMPILER_APPICON_NAME = AppIcon;
				ASSETCATALOG_COMPILER_GLOBAL_ACCENT_COLOR_NAME = AccentColor;
				CODE_SIGN_ENTITLEMENTS = Mapper/Mapper.entitlements;
				CODE_SIGN_STYLE = Automatic;
				CURRENT_PROJECT_VERSION = 1;
				DEVELOPMENT_ASSET_PATHS = "\"Mapper/Preview Content\"";
				DEVELOPMENT_TEAM = CC445LJFJY;
				ENABLE_HARDENED_RUNTIME = YES;
				ENABLE_PREVIEWS = YES;
				GENERATE_INFOPLIST_FILE = YES;
				"INFOPLIST_KEY_UIApplicationSceneManifest_Generation[sdk=iphoneos*]" = YES;
				"INFOPLIST_KEY_UIApplicationSceneManifest_Generation[sdk=iphonesimulator*]" = YES;
				"INFOPLIST_KEY_UIApplicationSupportsIndirectInputEvents[sdk=iphoneos*]" = YES;
				"INFOPLIST_KEY_UIApplicationSupportsIndirectInputEvents[sdk=iphonesimulator*]" = YES;
				"INFOPLIST_KEY_UILaunchScreen_Generation[sdk=iphoneos*]" = YES;
				"INFOPLIST_KEY_UILaunchScreen_Generation[sdk=iphonesimulator*]" = YES;
				"INFOPLIST_KEY_UIStatusBarStyle[sdk=iphoneos*]" = UIStatusBarStyleDefault;
				"INFOPLIST_KEY_UIStatusBarStyle[sdk=iphonesimulator*]" = UIStatusBarStyleDefault;
				INFOPLIST_KEY_UISupportedInterfaceOrientations_iPad = "UIInterfaceOrientationPortrait UIInterfaceOrientationPortraitUpsideDown UIInterfaceOrientationLandscapeLeft UIInterfaceOrientationLandscapeRight";
				INFOPLIST_KEY_UISupportedInterfaceOrientations_iPhone = "UIInterfaceOrientationPortrait UIInterfaceOrientationLandscapeLeft UIInterfaceOrientationLandscapeRight";
				IPHONEOS_DEPLOYMENT_TARGET = 16.0;
				LD_RUNPATH_SEARCH_PATHS = "@executable_path/Frameworks";
				"LD_RUNPATH_SEARCH_PATHS[sdk=macosx*]" = "@executable_path/../Frameworks";
				MACOSX_DEPLOYMENT_TARGET = 12.3;
				MARKETING_VERSION = 1.0;
				PRODUCT_BUNDLE_IDENTIFIER = z.Mapper;
				PRODUCT_NAME = "$(TARGET_NAME)";
				SDKROOT = auto;
				SUPPORTED_PLATFORMS = "iphoneos iphonesimulator macosx";
				SWIFT_EMIT_LOC_STRINGS = YES;
				SWIFT_VERSION = 5.0;
				TARGETED_DEVICE_FAMILY = "1,2";
			};
			name = Release;
		};
/* End XCBuildConfiguration section */

/* Begin XCConfigurationList section */
		C8C0F11328E190C300BD289D /* Build configuration list for PBXProject "Mapper" */ = {
			isa = XCConfigurationList;
			buildConfigurations = (
				C8C0F12528E190C400BD289D /* Debug */,
				C8C0F12628E190C400BD289D /* Release */,
			);
			defaultConfigurationIsVisible = 0;
			defaultConfigurationName = Release;
		};
		C8C0F12728E190C400BD289D /* Build configuration list for PBXNativeTarget "Mapper" */ = {
			isa = XCConfigurationList;
			buildConfigurations = (
				C8C0F12828E190C400BD289D /* Debug */,
				C8C0F12928E190C400BD289D /* Release */,
			);
			defaultConfigurationIsVisible = 0;
			defaultConfigurationName = Release;
		};
/* End XCConfigurationList section */
	};
	rootObject = C8C0F11028E190C300BD289D /* Project object */;
}
